
Microsoft Visual Studio Solution File, Format Version 12.00
# Visual Studio Version 16
VisualStudioVersion = 16.0.29920.165
MinimumVisualStudioVersion = 10.0.40219.1
Project("{FAE04EC0-301F-11D3-BF4B-00C04F79EFBC}") = "View", "View.csproj", "{BDC1ED54-7EF7-4F0B-BAAD-FC3051393A40}"
EndProject
Project("{FAE04EC0-301F-11D3-BF4B-00C04F79EFBC}") = "Model", "..\Model\Model.csproj", "{7F80017C-F275-4DC9-A41A-3ECF304381C2}"
EndProject
Project("{FAE04EC0-301F-11D3-BF4B-00C04F79EFBC}") = "ViewModel", "..\ViewModel\ViewModel.csproj", "{47605939-7908-42EF-92AF-DD7F0F68F5B7}"
EndProject
Project("{FAE04EC0-301F-11D3-BF4B-00C04F79EFBC}") = "ModelTests", "..\ModelTests\ModelTests.csproj", "{824FB520-FC7A-48F9-9957-37BD4A180E80}"
EndProject
Project("{FAE04EC0-301F-11D3-BF4B-00C04F79EFBC}") = "ViewModelTests", "..\ViewModelTests\ViewModelTests.csproj", "{5E0F4C8D-310B-43B1-9F47-91EF79D4540B}"
EndProject
Global
	GlobalSection(SolutionConfigurationPlatforms) = preSolution
		Debug|Any CPU = Debug|Any CPU
		Release|Any CPU = Release|Any CPU
	EndGlobalSection
	GlobalSection(ProjectConfigurationPlatforms) = postSolution
		{BDC1ED54-7EF7-4F0B-BAAD-FC3051393A40}.Debug|Any CPU.ActiveCfg = Debug|Any CPU
		{BDC1ED54-7EF7-4F0B-BAAD-FC3051393A40}.Debug|Any CPU.Build.0 = Debug|Any CPU
		{BDC1ED54-7EF7-4F0B-BAAD-FC3051393A40}.Release|Any CPU.ActiveCfg = Release|Any CPU
		{BDC1ED54-7EF7-4F0B-BAAD-FC3051393A40}.Release|Any CPU.Build.0 = Release|Any CPU
		{7F80017C-F275-4DC9-A41A-3ECF304381C2}.Debug|Any CPU.ActiveCfg = Debug|Any CPU
		{7F80017C-F275-4DC9-A41A-3ECF304381C2}.Debug|Any CPU.Build.0 = Debug|Any CPU
		{7F80017C-F275-4DC9-A41A-3ECF304381C2}.Release|Any CPU.ActiveCfg = Release|Any CPU
		{7F80017C-F275-4DC9-A41A-3ECF304381C2}.Release|Any CPU.Build.0 = Release|Any CPU
		{47605939-7908-42EF-92AF-DD7F0F68F5B7}.Debug|Any CPU.ActiveCfg = Debug|Any CPU
		{47605939-7908-42EF-92AF-DD7F0F68F5B7}.Debug|Any CPU.Build.0 = Debug|Any CPU
		{47605939-7908-42EF-92AF-DD7F0F68F5B7}.Release|Any CPU.ActiveCfg = Release|Any CPU
		{47605939-7908-42EF-92AF-DD7F0F68F5B7}.Release|Any CPU.Build.0 = Release|Any CPU
		{824FB520-FC7A-48F9-9957-37BD4A180E80}.Debug|Any CPU.ActiveCfg = Debug|Any CPU
		{824FB520-FC7A-48F9-9957-37BD4A180E80}.Debug|Any CPU.Build.0 = Debug|Any CPU
		{824FB520-FC7A-48F9-9957-37BD4A180E80}.Release|Any CPU.ActiveCfg = Release|Any CPU
		{824FB520-FC7A-48F9-9957-37BD4A180E80}.Release|Any CPU.Build.0 = Release|Any CPU
		{5E0F4C8D-310B-43B1-9F47-91EF79D4540B}.Debug|Any CPU.ActiveCfg = Debug|Any CPU
		{5E0F4C8D-310B-43B1-9F47-91EF79D4540B}.Debug|Any CPU.Build.0 = Debug|Any CPU
		{5E0F4C8D-310B-43B1-9F47-91EF79D4540B}.Release|Any CPU.ActiveCfg = Release|Any CPU
		{5E0F4C8D-310B-43B1-9F47-91EF79D4540B}.Release|Any CPU.Build.0 = Release|Any CPU
	EndGlobalSection
	GlobalSection(SolutionProperties) = preSolution
		HideSolutionNode = FALSE
	EndGlobalSection
	GlobalSection(ExtensibilityGlobals) = postSolution
		SolutionGuid = {C2356764-1A5C-44E4-A965-F61533172E84}
	EndGlobalSection
EndGlobal
